
Microsoft Visual Studio Solution File, Format Version 12.00
# Visual Studio Version 16
VisualStudioVersion = 16.0.30225.117
MinimumVisualStudioVersion = 10.0.40219.1
Project("{9A19103F-16F7-4668-BE54-9A1E7A4F7556}") = "Api2", "ApiE\Api2\Api2.csproj", "{531E22F3-7CD5-42BC-881A-A3599FDAAD14}"
EndProject
Project("{9A19103F-16F7-4668-BE54-9A1E7A4F7556}") = "Api1", "ApiS\Api1\Api1.csproj", "{230DCFBB-1F1B-4E02-BFDA-17E0A35278EF}"
EndProject
Global
	GlobalSection(SolutionConfigurationPlatforms) = preSolution
		Debug|Any CPU = Debug|Any CPU
		Release|Any CPU = Release|Any CPU
	EndGlobalSection
	GlobalSection(ProjectConfigurationPlatforms) = postSolution
		{531E22F3-7CD5-42BC-881A-A3599FDAAD14}.Debug|Any CPU.ActiveCfg = Debug|Any CPU
		{531E22F3-7CD5-42BC-881A-A3599FDAAD14}.Debug|Any CPU.Build.0 = Debug|Any CPU
		{531E22F3-7CD5-42BC-881A-A3599FDAAD14}.Release|Any CPU.ActiveCfg = Release|Any CPU
		{531E22F3-7CD5-42BC-881A-A3599FDAAD14}.Release|Any CPU.Build.0 = Release|Any CPU
		{230DCFBB-1F1B-4E02-BFDA-17E0A35278EF}.Debug|Any CPU.ActiveCfg = Debug|Any CPU
		{230DCFBB-1F1B-4E02-BFDA-17E0A35278EF}.Debug|Any CPU.Build.0 = Debug|Any CPU
		{230DCFBB-1F1B-4E02-BFDA-17E0A35278EF}.Release|Any CPU.ActiveCfg = Release|Any CPU
		{230DCFBB-1F1B-4E02-BFDA-17E0A35278EF}.Release|Any CPU.Build.0 = Release|Any CPU
	EndGlobalSection
	GlobalSection(SolutionProperties) = preSolution
		HideSolutionNode = FALSE
	EndGlobalSection
	GlobalSection(ExtensibilityGlobals) = postSolution
		SolutionGuid = {40957A44-3BB4-4C94-A2E5-17E064546025}
	EndGlobalSection
EndGlobal
