
Microsoft Visual Studio Solution File, Format Version 12.00
# Visual Studio Version 16
VisualStudioVersion = 16.0.30114.105
MinimumVisualStudioVersion = 10.0.40219.1
Project("{9A19103F-16F7-4668-BE54-9A1E7A4F7556}") = "TaskCompletionSource", "TaskCompletionSource\TaskCompletionSource.csproj", "{EE4B8739-D291-4E63-B45E-0EE222017B69}"
EndProject
Project("{9A19103F-16F7-4668-BE54-9A1E7A4F7556}") = "DecorateTest", "DecorateTest\DecorateTest.csproj", "{6671620A-4892-40DF-8754-A87B8A357E17}"
EndProject
Project("{9A19103F-16F7-4668-BE54-9A1E7A4F7556}") = "DecorateTest2", "DecorateTest2\DecorateTest2.csproj", "{4FAD8146-23E3-4EE2-9138-8218BD5616F3}"
EndProject
Project("{9A19103F-16F7-4668-BE54-9A1E7A4F7556}") = "MasstransitOne", "MasstransitOne\MasstransitOne.csproj", "{8ACFACB2-5129-4185-B3F1-64D76E36CFA6}"
EndProject
Project("{9A19103F-16F7-4668-BE54-9A1E7A4F7556}") = "MasstransitTwo", "MasstransitTwo\MasstransitTwo.csproj", "{88A16DEE-D59A-455B-AB12-DA02150B34BB}"
EndProject
Project("{FAE04EC0-301F-11D3-BF4B-00C04F79EFBC}") = "APMTest", "APMTest\APMTest.csproj", "{063B808E-5A7B-46E5-AA6D-343DEFDFAF37}"
EndProject
Project("{FAE04EC0-301F-11D3-BF4B-00C04F79EFBC}") = "APMConsole", "APMConsole\APMConsole.csproj", "{3183F516-96E3-4F34-AD9A-F04648C02140}"
EndProject
Project("{9A19103F-16F7-4668-BE54-9A1E7A4F7556}") = "ThreadAsync", "ThreadAsync\ThreadAsync.csproj", "{7BD08F3F-2FB1-40FB-9E72-98609C0D46CF}"
EndProject
Project("{FAE04EC0-301F-11D3-BF4B-00C04F79EFBC}") = "ConsoleApp1", "ConsoleApp1\ConsoleApp1.csproj", "{C8266B6A-C322-45FA-B7E6-C3BD944EF59A}"
EndProject
Project("{FAE04EC0-301F-11D3-BF4B-00C04F79EFBC}") = "TestQtApp", "TestQtApp\TestQtApp.csproj", "{54445C2F-C6AB-4970-B96A-66317120C6D2}"
EndProject
Project("{FAE04EC0-301F-11D3-BF4B-00C04F79EFBC}") = "TestWix", "TestWix\TestWix.csproj", "{25793A69-C663-40D2-AD01-E4E4412AF31D}"
EndProject
Project("{FAE04EC0-301F-11D3-BF4B-00C04F79EFBC}") = "MSIInstall", "MSIInstall\MSIInstall.csproj", "{488D47C8-2F51-4D86-B076-5903388C21DA}"
EndProject
Project("{930C7802-8A8C-48F9-8165-68863BCCD9DD}") = "SetupCdss", "SetupCdss\SetupCdss.wixproj", "{BF228144-4CF4-4E24-9FEF-BACEAB7B45E2}"
EndProject
Project("{FAE04EC0-301F-11D3-BF4B-00C04F79EFBC}") = "CustomSetup", "CustomSetup\CustomSetup.csproj", "{870D9D16-B9C1-4DEB-AE96-DF4E59E9EA40}"
EndProject
Project("{9A19103F-16F7-4668-BE54-9A1E7A4F7556}") = "XiaoWeiTask", "XiaoWeiTask\XiaoWeiTask.csproj", "{A2ED9EEF-5DF5-4C30-B9A9-5A83B1573C5B}"
EndProject
Project("{9A19103F-16F7-4668-BE54-9A1E7A4F7556}") = "HttpWebService", "HttpWebService\HttpWebService.csproj", "{34A67138-4664-4E62-BA7C-FBBA64E1A546}"
EndProject
Project("{9A19103F-16F7-4668-BE54-9A1E7A4F7556}") = "TestHttpPostWebService", "TestHttpPostWebService\TestHttpPostWebService.csproj", "{765C2359-2271-40C2-A8C6-5E601D41C101}"
EndProject
Global
	GlobalSection(SolutionConfigurationPlatforms) = preSolution
		Debug|Any CPU = Debug|Any CPU
		Debug|x64 = Debug|x64
		Debug|x86 = Debug|x86
		Release|Any CPU = Release|Any CPU
		Release|x64 = Release|x64
		Release|x86 = Release|x86
	EndGlobalSection
	GlobalSection(ProjectConfigurationPlatforms) = postSolution
		{EE4B8739-D291-4E63-B45E-0EE222017B69}.Debug|Any CPU.ActiveCfg = Debug|Any CPU
		{EE4B8739-D291-4E63-B45E-0EE222017B69}.Debug|Any CPU.Build.0 = Debug|Any CPU
		{EE4B8739-D291-4E63-B45E-0EE222017B69}.Debug|x64.ActiveCfg = Debug|Any CPU
		{EE4B8739-D291-4E63-B45E-0EE222017B69}.Debug|x64.Build.0 = Debug|Any CPU
		{EE4B8739-D291-4E63-B45E-0EE222017B69}.Debug|x86.ActiveCfg = Debug|Any CPU
		{EE4B8739-D291-4E63-B45E-0EE222017B69}.Debug|x86.Build.0 = Debug|Any CPU
		{EE4B8739-D291-4E63-B45E-0EE222017B69}.Release|Any CPU.ActiveCfg = Release|Any CPU
		{EE4B8739-D291-4E63-B45E-0EE222017B69}.Release|Any CPU.Build.0 = Release|Any CPU
		{EE4B8739-D291-4E63-B45E-0EE222017B69}.Release|x64.ActiveCfg = Release|Any CPU
		{EE4B8739-D291-4E63-B45E-0EE222017B69}.Release|x64.Build.0 = Release|Any CPU
		{EE4B8739-D291-4E63-B45E-0EE222017B69}.Release|x86.ActiveCfg = Release|Any CPU
		{EE4B8739-D291-4E63-B45E-0EE222017B69}.Release|x86.Build.0 = Release|Any CPU
		{6671620A-4892-40DF-8754-A87B8A357E17}.Debug|Any CPU.ActiveCfg = Debug|Any CPU
		{6671620A-4892-40DF-8754-A87B8A357E17}.Debug|Any CPU.Build.0 = Debug|Any CPU
		{6671620A-4892-40DF-8754-A87B8A357E17}.Debug|x64.ActiveCfg = Debug|Any CPU
		{6671620A-4892-40DF-8754-A87B8A357E17}.Debug|x64.Build.0 = Debug|Any CPU
		{6671620A-4892-40DF-8754-A87B8A357E17}.Debug|x86.ActiveCfg = Debug|Any CPU
		{6671620A-4892-40DF-8754-A87B8A357E17}.Debug|x86.Build.0 = Debug|Any CPU
		{6671620A-4892-40DF-8754-A87B8A357E17}.Release|Any CPU.ActiveCfg = Release|Any CPU
		{6671620A-4892-40DF-8754-A87B8A357E17}.Release|Any CPU.Build.0 = Release|Any CPU
		{6671620A-4892-40DF-8754-A87B8A357E17}.Release|x64.ActiveCfg = Release|Any CPU
		{6671620A-4892-40DF-8754-A87B8A357E17}.Release|x64.Build.0 = Release|Any CPU
		{6671620A-4892-40DF-8754-A87B8A357E17}.Release|x86.ActiveCfg = Release|Any CPU
		{6671620A-4892-40DF-8754-A87B8A357E17}.Release|x86.Build.0 = Release|Any CPU
		{4FAD8146-23E3-4EE2-9138-8218BD5616F3}.Debug|Any CPU.ActiveCfg = Debug|Any CPU
		{4FAD8146-23E3-4EE2-9138-8218BD5616F3}.Debug|Any CPU.Build.0 = Debug|Any CPU
		{4FAD8146-23E3-4EE2-9138-8218BD5616F3}.Debug|x64.ActiveCfg = Debug|Any CPU
		{4FAD8146-23E3-4EE2-9138-8218BD5616F3}.Debug|x64.Build.0 = Debug|Any CPU
		{4FAD8146-23E3-4EE2-9138-8218BD5616F3}.Debug|x86.ActiveCfg = Debug|Any CPU
		{4FAD8146-23E3-4EE2-9138-8218BD5616F3}.Debug|x86.Build.0 = Debug|Any CPU
		{4FAD8146-23E3-4EE2-9138-8218BD5616F3}.Release|Any CPU.ActiveCfg = Release|Any CPU
		{4FAD8146-23E3-4EE2-9138-8218BD5616F3}.Release|Any CPU.Build.0 = Release|Any CPU
		{4FAD8146-23E3-4EE2-9138-8218BD5616F3}.Release|x64.ActiveCfg = Release|Any CPU
		{4FAD8146-23E3-4EE2-9138-8218BD5616F3}.Release|x64.Build.0 = Release|Any CPU
		{4FAD8146-23E3-4EE2-9138-8218BD5616F3}.Release|x86.ActiveCfg = Release|Any CPU
		{4FAD8146-23E3-4EE2-9138-8218BD5616F3}.Release|x86.Build.0 = Release|Any CPU
		{8ACFACB2-5129-4185-B3F1-64D76E36CFA6}.Debug|Any CPU.ActiveCfg = Debug|Any CPU
		{8ACFACB2-5129-4185-B3F1-64D76E36CFA6}.Debug|Any CPU.Build.0 = Debug|Any CPU
		{8ACFACB2-5129-4185-B3F1-64D76E36CFA6}.Debug|x64.ActiveCfg = Debug|Any CPU
		{8ACFACB2-5129-4185-B3F1-64D76E36CFA6}.Debug|x64.Build.0 = Debug|Any CPU
		{8ACFACB2-5129-4185-B3F1-64D76E36CFA6}.Debug|x86.ActiveCfg = Debug|Any CPU
		{8ACFACB2-5129-4185-B3F1-64D76E36CFA6}.Debug|x86.Build.0 = Debug|Any CPU
		{8ACFACB2-5129-4185-B3F1-64D76E36CFA6}.Release|Any CPU.ActiveCfg = Release|Any CPU
		{8ACFACB2-5129-4185-B3F1-64D76E36CFA6}.Release|Any CPU.Build.0 = Release|Any CPU
		{8ACFACB2-5129-4185-B3F1-64D76E36CFA6}.Release|x64.ActiveCfg = Release|Any CPU
		{8ACFACB2-5129-4185-B3F1-64D76E36CFA6}.Release|x64.Build.0 = Release|Any CPU
		{8ACFACB2-5129-4185-B3F1-64D76E36CFA6}.Release|x86.ActiveCfg = Release|Any CPU
		{8ACFACB2-5129-4185-B3F1-64D76E36CFA6}.Release|x86.Build.0 = Release|Any CPU
		{88A16DEE-D59A-455B-AB12-DA02150B34BB}.Debug|Any CPU.ActiveCfg = Debug|Any CPU
		{88A16DEE-D59A-455B-AB12-DA02150B34BB}.Debug|Any CPU.Build.0 = Debug|Any CPU
		{88A16DEE-D59A-455B-AB12-DA02150B34BB}.Debug|x64.ActiveCfg = Debug|Any CPU
		{88A16DEE-D59A-455B-AB12-DA02150B34BB}.Debug|x64.Build.0 = Debug|Any CPU
		{88A16DEE-D59A-455B-AB12-DA02150B34BB}.Debug|x86.ActiveCfg = Debug|Any CPU
		{88A16DEE-D59A-455B-AB12-DA02150B34BB}.Debug|x86.Build.0 = Debug|Any CPU
		{88A16DEE-D59A-455B-AB12-DA02150B34BB}.Release|Any CPU.ActiveCfg = Release|Any CPU
		{88A16DEE-D59A-455B-AB12-DA02150B34BB}.Release|Any CPU.Build.0 = Release|Any CPU
		{88A16DEE-D59A-455B-AB12-DA02150B34BB}.Release|x64.ActiveCfg = Release|Any CPU
		{88A16DEE-D59A-455B-AB12-DA02150B34BB}.Release|x64.Build.0 = Release|Any CPU
		{88A16DEE-D59A-455B-AB12-DA02150B34BB}.Release|x86.ActiveCfg = Release|Any CPU
		{88A16DEE-D59A-455B-AB12-DA02150B34BB}.Release|x86.Build.0 = Release|Any CPU
		{063B808E-5A7B-46E5-AA6D-343DEFDFAF37}.Debug|Any CPU.ActiveCfg = Debug|Any CPU
		{063B808E-5A7B-46E5-AA6D-343DEFDFAF37}.Debug|Any CPU.Build.0 = Debug|Any CPU
		{063B808E-5A7B-46E5-AA6D-343DEFDFAF37}.Debug|x64.ActiveCfg = Debug|Any CPU
		{063B808E-5A7B-46E5-AA6D-343DEFDFAF37}.Debug|x64.Build.0 = Debug|Any CPU
		{063B808E-5A7B-46E5-AA6D-343DEFDFAF37}.Debug|x86.ActiveCfg = Debug|Any CPU
		{063B808E-5A7B-46E5-AA6D-343DEFDFAF37}.Debug|x86.Build.0 = Debug|Any CPU
		{063B808E-5A7B-46E5-AA6D-343DEFDFAF37}.Release|Any CPU.ActiveCfg = Release|Any CPU
		{063B808E-5A7B-46E5-AA6D-343DEFDFAF37}.Release|Any CPU.Build.0 = Release|Any CPU
		{063B808E-5A7B-46E5-AA6D-343DEFDFAF37}.Release|x64.ActiveCfg = Release|Any CPU
		{063B808E-5A7B-46E5-AA6D-343DEFDFAF37}.Release|x64.Build.0 = Release|Any CPU
		{063B808E-5A7B-46E5-AA6D-343DEFDFAF37}.Release|x86.ActiveCfg = Release|Any CPU
		{063B808E-5A7B-46E5-AA6D-343DEFDFAF37}.Release|x86.Build.0 = Release|Any CPU
		{3183F516-96E3-4F34-AD9A-F04648C02140}.Debug|Any CPU.ActiveCfg = Debug|Any CPU
		{3183F516-96E3-4F34-AD9A-F04648C02140}.Debug|Any CPU.Build.0 = Debug|Any CPU
		{3183F516-96E3-4F34-AD9A-F04648C02140}.Debug|x64.ActiveCfg = Debug|Any CPU
		{3183F516-96E3-4F34-AD9A-F04648C02140}.Debug|x64.Build.0 = Debug|Any CPU
		{3183F516-96E3-4F34-AD9A-F04648C02140}.Debug|x86.ActiveCfg = Debug|Any CPU
		{3183F516-96E3-4F34-AD9A-F04648C02140}.Debug|x86.Build.0 = Debug|Any CPU
		{3183F516-96E3-4F34-AD9A-F04648C02140}.Release|Any CPU.ActiveCfg = Release|Any CPU
		{3183F516-96E3-4F34-AD9A-F04648C02140}.Release|Any CPU.Build.0 = Release|Any CPU
		{3183F516-96E3-4F34-AD9A-F04648C02140}.Release|x64.ActiveCfg = Release|Any CPU
		{3183F516-96E3-4F34-AD9A-F04648C02140}.Release|x64.Build.0 = Release|Any CPU
		{3183F516-96E3-4F34-AD9A-F04648C02140}.Release|x86.ActiveCfg = Release|Any CPU
		{3183F516-96E3-4F34-AD9A-F04648C02140}.Release|x86.Build.0 = Release|Any CPU
		{7BD08F3F-2FB1-40FB-9E72-98609C0D46CF}.Debug|Any CPU.ActiveCfg = Debug|Any CPU
		{7BD08F3F-2FB1-40FB-9E72-98609C0D46CF}.Debug|Any CPU.Build.0 = Debug|Any CPU
		{7BD08F3F-2FB1-40FB-9E72-98609C0D46CF}.Debug|x64.ActiveCfg = Debug|Any CPU
		{7BD08F3F-2FB1-40FB-9E72-98609C0D46CF}.Debug|x64.Build.0 = Debug|Any CPU
		{7BD08F3F-2FB1-40FB-9E72-98609C0D46CF}.Debug|x86.ActiveCfg = Debug|Any CPU
		{7BD08F3F-2FB1-40FB-9E72-98609C0D46CF}.Debug|x86.Build.0 = Debug|Any CPU
		{7BD08F3F-2FB1-40FB-9E72-98609C0D46CF}.Release|Any CPU.ActiveCfg = Release|Any CPU
		{7BD08F3F-2FB1-40FB-9E72-98609C0D46CF}.Release|Any CPU.Build.0 = Release|Any CPU
		{7BD08F3F-2FB1-40FB-9E72-98609C0D46CF}.Release|x64.ActiveCfg = Release|Any CPU
		{7BD08F3F-2FB1-40FB-9E72-98609C0D46CF}.Release|x64.Build.0 = Release|Any CPU
		{7BD08F3F-2FB1-40FB-9E72-98609C0D46CF}.Release|x86.ActiveCfg = Release|Any CPU
		{7BD08F3F-2FB1-40FB-9E72-98609C0D46CF}.Release|x86.Build.0 = Release|Any CPU
		{C8266B6A-C322-45FA-B7E6-C3BD944EF59A}.Debug|Any CPU.ActiveCfg = Debug|Any CPU
		{C8266B6A-C322-45FA-B7E6-C3BD944EF59A}.Debug|Any CPU.Build.0 = Debug|Any CPU
		{C8266B6A-C322-45FA-B7E6-C3BD944EF59A}.Debug|x64.ActiveCfg = Debug|Any CPU
		{C8266B6A-C322-45FA-B7E6-C3BD944EF59A}.Debug|x64.Build.0 = Debug|Any CPU
		{C8266B6A-C322-45FA-B7E6-C3BD944EF59A}.Debug|x86.ActiveCfg = Debug|Any CPU
		{C8266B6A-C322-45FA-B7E6-C3BD944EF59A}.Debug|x86.Build.0 = Debug|Any CPU
		{C8266B6A-C322-45FA-B7E6-C3BD944EF59A}.Release|Any CPU.ActiveCfg = Release|Any CPU
		{C8266B6A-C322-45FA-B7E6-C3BD944EF59A}.Release|Any CPU.Build.0 = Release|Any CPU
		{C8266B6A-C322-45FA-B7E6-C3BD944EF59A}.Release|x64.ActiveCfg = Release|Any CPU
		{C8266B6A-C322-45FA-B7E6-C3BD944EF59A}.Release|x64.Build.0 = Release|Any CPU
		{C8266B6A-C322-45FA-B7E6-C3BD944EF59A}.Release|x86.ActiveCfg = Release|Any CPU
		{C8266B6A-C322-45FA-B7E6-C3BD944EF59A}.Release|x86.Build.0 = Release|Any CPU
		{54445C2F-C6AB-4970-B96A-66317120C6D2}.Debug|Any CPU.ActiveCfg = Debug|Any CPU
		{54445C2F-C6AB-4970-B96A-66317120C6D2}.Debug|Any CPU.Build.0 = Debug|Any CPU
		{54445C2F-C6AB-4970-B96A-66317120C6D2}.Debug|x64.ActiveCfg = Debug|Any CPU
		{54445C2F-C6AB-4970-B96A-66317120C6D2}.Debug|x64.Build.0 = Debug|Any CPU
		{54445C2F-C6AB-4970-B96A-66317120C6D2}.Debug|x86.ActiveCfg = Debug|Any CPU
		{54445C2F-C6AB-4970-B96A-66317120C6D2}.Debug|x86.Build.0 = Debug|Any CPU
		{54445C2F-C6AB-4970-B96A-66317120C6D2}.Release|Any CPU.ActiveCfg = Release|Any CPU
		{54445C2F-C6AB-4970-B96A-66317120C6D2}.Release|Any CPU.Build.0 = Release|Any CPU
		{54445C2F-C6AB-4970-B96A-66317120C6D2}.Release|x64.ActiveCfg = Release|Any CPU
		{54445C2F-C6AB-4970-B96A-66317120C6D2}.Release|x64.Build.0 = Release|Any CPU
		{54445C2F-C6AB-4970-B96A-66317120C6D2}.Release|x86.ActiveCfg = Release|Any CPU
		{54445C2F-C6AB-4970-B96A-66317120C6D2}.Release|x86.Build.0 = Release|Any CPU
		{25793A69-C663-40D2-AD01-E4E4412AF31D}.Debug|Any CPU.ActiveCfg = Debug|x86
		{25793A69-C663-40D2-AD01-E4E4412AF31D}.Debug|x64.ActiveCfg = Debug|x86
		{25793A69-C663-40D2-AD01-E4E4412AF31D}.Debug|x86.ActiveCfg = Debug|x86
		{25793A69-C663-40D2-AD01-E4E4412AF31D}.Debug|x86.Build.0 = Debug|x86
		{25793A69-C663-40D2-AD01-E4E4412AF31D}.Release|Any CPU.ActiveCfg = Release|x86
		{25793A69-C663-40D2-AD01-E4E4412AF31D}.Release|x64.ActiveCfg = Release|x86
		{25793A69-C663-40D2-AD01-E4E4412AF31D}.Release|x86.ActiveCfg = Release|x86
		{25793A69-C663-40D2-AD01-E4E4412AF31D}.Release|x86.Build.0 = Release|x86
		{488D47C8-2F51-4D86-B076-5903388C21DA}.Debug|Any CPU.ActiveCfg = Debug|Any CPU
		{488D47C8-2F51-4D86-B076-5903388C21DA}.Debug|Any CPU.Build.0 = Debug|Any CPU
		{488D47C8-2F51-4D86-B076-5903388C21DA}.Debug|x64.ActiveCfg = Debug|Any CPU
		{488D47C8-2F51-4D86-B076-5903388C21DA}.Debug|x64.Build.0 = Debug|Any CPU
		{488D47C8-2F51-4D86-B076-5903388C21DA}.Debug|x86.ActiveCfg = Debug|Any CPU
		{488D47C8-2F51-4D86-B076-5903388C21DA}.Debug|x86.Build.0 = Debug|Any CPU
		{488D47C8-2F51-4D86-B076-5903388C21DA}.Release|Any CPU.ActiveCfg = Release|Any CPU
		{488D47C8-2F51-4D86-B076-5903388C21DA}.Release|Any CPU.Build.0 = Release|Any CPU
		{488D47C8-2F51-4D86-B076-5903388C21DA}.Release|x64.ActiveCfg = Release|Any CPU
		{488D47C8-2F51-4D86-B076-5903388C21DA}.Release|x64.Build.0 = Release|Any CPU
		{488D47C8-2F51-4D86-B076-5903388C21DA}.Release|x86.ActiveCfg = Release|Any CPU
		{488D47C8-2F51-4D86-B076-5903388C21DA}.Release|x86.Build.0 = Release|Any CPU
		{BF228144-4CF4-4E24-9FEF-BACEAB7B45E2}.Debug|Any CPU.ActiveCfg = Debug|x86
		{BF228144-4CF4-4E24-9FEF-BACEAB7B45E2}.Debug|x64.ActiveCfg = Debug|x86
		{BF228144-4CF4-4E24-9FEF-BACEAB7B45E2}.Debug|x86.ActiveCfg = Debug|x86
		{BF228144-4CF4-4E24-9FEF-BACEAB7B45E2}.Debug|x86.Build.0 = Debug|x86
		{BF228144-4CF4-4E24-9FEF-BACEAB7B45E2}.Release|Any CPU.ActiveCfg = Release|x86
		{BF228144-4CF4-4E24-9FEF-BACEAB7B45E2}.Release|x64.ActiveCfg = Release|x86
		{BF228144-4CF4-4E24-9FEF-BACEAB7B45E2}.Release|x86.ActiveCfg = Release|x86
		{BF228144-4CF4-4E24-9FEF-BACEAB7B45E2}.Release|x86.Build.0 = Release|x86
		{870D9D16-B9C1-4DEB-AE96-DF4E59E9EA40}.Debug|Any CPU.ActiveCfg = Debug|x86
		{870D9D16-B9C1-4DEB-AE96-DF4E59E9EA40}.Debug|x64.ActiveCfg = Debug|x86
		{870D9D16-B9C1-4DEB-AE96-DF4E59E9EA40}.Debug|x86.ActiveCfg = Debug|x86
		{870D9D16-B9C1-4DEB-AE96-DF4E59E9EA40}.Debug|x86.Build.0 = Debug|x86
		{870D9D16-B9C1-4DEB-AE96-DF4E59E9EA40}.Release|Any CPU.ActiveCfg = Release|x86
		{870D9D16-B9C1-4DEB-AE96-DF4E59E9EA40}.Release|x64.ActiveCfg = Release|x86
		{870D9D16-B9C1-4DEB-AE96-DF4E59E9EA40}.Release|x86.ActiveCfg = Release|x86
		{870D9D16-B9C1-4DEB-AE96-DF4E59E9EA40}.Release|x86.Build.0 = Release|x86
		{A2ED9EEF-5DF5-4C30-B9A9-5A83B1573C5B}.Debug|Any CPU.ActiveCfg = Debug|Any CPU
		{A2ED9EEF-5DF5-4C30-B9A9-5A83B1573C5B}.Debug|Any CPU.Build.0 = Debug|Any CPU
		{A2ED9EEF-5DF5-4C30-B9A9-5A83B1573C5B}.Debug|x64.ActiveCfg = Debug|Any CPU
		{A2ED9EEF-5DF5-4C30-B9A9-5A83B1573C5B}.Debug|x64.Build.0 = Debug|Any CPU
		{A2ED9EEF-5DF5-4C30-B9A9-5A83B1573C5B}.Debug|x86.ActiveCfg = Debug|Any CPU
		{A2ED9EEF-5DF5-4C30-B9A9-5A83B1573C5B}.Debug|x86.Build.0 = Debug|Any CPU
		{A2ED9EEF-5DF5-4C30-B9A9-5A83B1573C5B}.Release|Any CPU.ActiveCfg = Release|Any CPU
		{A2ED9EEF-5DF5-4C30-B9A9-5A83B1573C5B}.Release|Any CPU.Build.0 = Release|Any CPU
		{A2ED9EEF-5DF5-4C30-B9A9-5A83B1573C5B}.Release|x64.ActiveCfg = Release|Any CPU
		{A2ED9EEF-5DF5-4C30-B9A9-5A83B1573C5B}.Release|x64.Build.0 = Release|Any CPU
		{A2ED9EEF-5DF5-4C30-B9A9-5A83B1573C5B}.Release|x86.ActiveCfg = Release|Any CPU
		{A2ED9EEF-5DF5-4C30-B9A9-5A83B1573C5B}.Release|x86.Build.0 = Release|Any CPU
		{34A67138-4664-4E62-BA7C-FBBA64E1A546}.Debug|Any CPU.ActiveCfg = Debug|Any CPU
		{34A67138-4664-4E62-BA7C-FBBA64E1A546}.Debug|Any CPU.Build.0 = Debug|Any CPU
		{34A67138-4664-4E62-BA7C-FBBA64E1A546}.Debug|x64.ActiveCfg = Debug|Any CPU
		{34A67138-4664-4E62-BA7C-FBBA64E1A546}.Debug|x64.Build.0 = Debug|Any CPU
		{34A67138-4664-4E62-BA7C-FBBA64E1A546}.Debug|x86.ActiveCfg = Debug|Any CPU
		{34A67138-4664-4E62-BA7C-FBBA64E1A546}.Debug|x86.Build.0 = Debug|Any CPU
		{34A67138-4664-4E62-BA7C-FBBA64E1A546}.Release|Any CPU.ActiveCfg = Release|Any CPU
		{34A67138-4664-4E62-BA7C-FBBA64E1A546}.Release|Any CPU.Build.0 = Release|Any CPU
		{34A67138-4664-4E62-BA7C-FBBA64E1A546}.Release|x64.ActiveCfg = Release|Any CPU
		{34A67138-4664-4E62-BA7C-FBBA64E1A546}.Release|x64.Build.0 = Release|Any CPU
		{34A67138-4664-4E62-BA7C-FBBA64E1A546}.Release|x86.ActiveCfg = Release|Any CPU
		{34A67138-4664-4E62-BA7C-FBBA64E1A546}.Release|x86.Build.0 = Release|Any CPU
		{765C2359-2271-40C2-A8C6-5E601D41C101}.Debug|Any CPU.ActiveCfg = Debug|Any CPU
		{765C2359-2271-40C2-A8C6-5E601D41C101}.Debug|Any CPU.Build.0 = Debug|Any CPU
		{765C2359-2271-40C2-A8C6-5E601D41C101}.Debug|x64.ActiveCfg = Debug|Any CPU
		{765C2359-2271-40C2-A8C6-5E601D41C101}.Debug|x64.Build.0 = Debug|Any CPU
		{765C2359-2271-40C2-A8C6-5E601D41C101}.Debug|x86.ActiveCfg = Debug|Any CPU
		{765C2359-2271-40C2-A8C6-5E601D41C101}.Debug|x86.Build.0 = Debug|Any CPU
		{765C2359-2271-40C2-A8C6-5E601D41C101}.Release|Any CPU.ActiveCfg = Release|Any CPU
		{765C2359-2271-40C2-A8C6-5E601D41C101}.Release|Any CPU.Build.0 = Release|Any CPU
		{765C2359-2271-40C2-A8C6-5E601D41C101}.Release|x64.ActiveCfg = Release|Any CPU
		{765C2359-2271-40C2-A8C6-5E601D41C101}.Release|x64.Build.0 = Release|Any CPU
		{765C2359-2271-40C2-A8C6-5E601D41C101}.Release|x86.ActiveCfg = Release|Any CPU
		{765C2359-2271-40C2-A8C6-5E601D41C101}.Release|x86.Build.0 = Release|Any CPU
	EndGlobalSection
	GlobalSection(SolutionProperties) = preSolution
		HideSolutionNode = FALSE
	EndGlobalSection
	GlobalSection(ExtensibilityGlobals) = postSolution
		SolutionGuid = {8250B58A-E9A3-4E6D-96B6-248BEE110A7C}
	EndGlobalSection
EndGlobal
