
Microsoft Visual Studio Solution File, Format Version 12.00
# Visual Studio Version 16
VisualStudioVersion = 16.0.30225.117
MinimumVisualStudioVersion = 10.0.40219.1
Project("{9A19103F-16F7-4668-BE54-9A1E7A4F7556}") = "Api1", "Api1\Api1.csproj", "{1C64FF42-45BA-4DA8-BCE9-319F865E3D85}"
EndProject
Global
	GlobalSection(SolutionConfigurationPlatforms) = preSolution
		Debug|Any CPU = Debug|Any CPU
		Release|Any CPU = Release|Any CPU
	EndGlobalSection
	GlobalSection(ProjectConfigurationPlatforms) = postSolution
		{1C64FF42-45BA-4DA8-BCE9-319F865E3D85}.Debug|Any CPU.ActiveCfg = Debug|Any CPU
		{1C64FF42-45BA-4DA8-BCE9-319F865E3D85}.Debug|Any CPU.Build.0 = Debug|Any CPU
		{1C64FF42-45BA-4DA8-BCE9-319F865E3D85}.Release|Any CPU.ActiveCfg = Release|Any CPU
		{1C64FF42-45BA-4DA8-BCE9-319F865E3D85}.Release|Any CPU.Build.0 = Release|Any CPU
	EndGlobalSection
	GlobalSection(SolutionProperties) = preSolution
		HideSolutionNode = FALSE
	EndGlobalSection
	GlobalSection(ExtensibilityGlobals) = postSolution
		SolutionGuid = {EB08CE78-9897-4D42-9257-30DB2AFB8EAA}
	EndGlobalSection
EndGlobal
