
Microsoft Visual Studio Solution File, Format Version 12.00
# Visual Studio Version 16
VisualStudioVersion = 16.0.30225.117
MinimumVisualStudioVersion = 10.0.40219.1
Project("{FAE04EC0-301F-11D3-BF4B-00C04F79EFBC}") = "LogIntergration", "LogIntergration\LogIntergration.csproj", "{FF5F0314-DB04-4325-AC66-C2C3CF07F12E}"
EndProject
Global
	GlobalSection(SolutionConfigurationPlatforms) = preSolution
		Debug|Any CPU = Debug|Any CPU
		Release|Any CPU = Release|Any CPU
	EndGlobalSection
	GlobalSection(ProjectConfigurationPlatforms) = postSolution
		{FF5F0314-DB04-4325-AC66-C2C3CF07F12E}.Debug|Any CPU.ActiveCfg = Debug|Any CPU
		{FF5F0314-DB04-4325-AC66-C2C3CF07F12E}.Debug|Any CPU.Build.0 = Debug|Any CPU
		{FF5F0314-DB04-4325-AC66-C2C3CF07F12E}.Release|Any CPU.ActiveCfg = Release|Any CPU
		{FF5F0314-DB04-4325-AC66-C2C3CF07F12E}.Release|Any CPU.Build.0 = Release|Any CPU
	EndGlobalSection
	GlobalSection(SolutionProperties) = preSolution
		HideSolutionNode = FALSE
	EndGlobalSection
	GlobalSection(ExtensibilityGlobals) = postSolution
		SolutionGuid = {C7A47A8D-0547-46C2-A7E1-3F561CDB77EC}
	EndGlobalSection
EndGlobal
