
Microsoft Visual Studio Solution File, Format Version 12.00
# Visual Studio Version 16
VisualStudioVersion = 16.0.30225.117
MinimumVisualStudioVersion = 10.0.40219.1
Project("{FAE04EC0-301F-11D3-BF4B-00C04F79EFBC}") = "Api2", "Api2\Api2.csproj", "{A594EE4B-67DB-4B50-9B2E-014A8BC2B014}"
EndProject
Global
	GlobalSection(SolutionConfigurationPlatforms) = preSolution
		Debug|Any CPU = Debug|Any CPU
		Release|Any CPU = Release|Any CPU
	EndGlobalSection
	GlobalSection(ProjectConfigurationPlatforms) = postSolution
		{A594EE4B-67DB-4B50-9B2E-014A8BC2B014}.Debug|Any CPU.ActiveCfg = Debug|Any CPU
		{A594EE4B-67DB-4B50-9B2E-014A8BC2B014}.Debug|Any CPU.Build.0 = Debug|Any CPU
		{A594EE4B-67DB-4B50-9B2E-014A8BC2B014}.Release|Any CPU.ActiveCfg = Release|Any CPU
		{A594EE4B-67DB-4B50-9B2E-014A8BC2B014}.Release|Any CPU.Build.0 = Release|Any CPU
	EndGlobalSection
	GlobalSection(SolutionProperties) = preSolution
		HideSolutionNode = FALSE
	EndGlobalSection
	GlobalSection(ExtensibilityGlobals) = postSolution
		SolutionGuid = {BE8D86DF-7509-458D-ADED-DA8D1D3FBCCD}
	EndGlobalSection
EndGlobal
